
Microsoft Visual Studio Solution File, Format Version 12.00
# Visual Studio 2013
VisualStudioVersion = 12.0.31101.0
MinimumVisualStudioVersion = 10.0.40219.1
Project("{FAE04EC0-301F-11D3-BF4B-00C04F79EFBC}") = "ChordTransposerWordAdd", "ChordTransposerWordAdd\ChordTransposerWordAdd.csproj", "{D1D9A637-4A8D-401F-9A5E-CA86861568A4}"
EndProject
Global
	GlobalSection(CodealikeProperties) = postSolution
		SolutionGuid = 6462186e-80d1-4f58-ab6f-ca38a85a161c
	EndGlobalSection
	GlobalSection(SolutionConfigurationPlatforms) = preSolution
		Debug|Any CPU = Debug|Any CPU
		Release|Any CPU = Release|Any CPU
	EndGlobalSection
	GlobalSection(ProjectConfigurationPlatforms) = postSolution
		{D1D9A637-4A8D-401F-9A5E-CA86861568A4}.Debug|Any CPU.ActiveCfg = Debug|Any CPU
		{D1D9A637-4A8D-401F-9A5E-CA86861568A4}.Debug|Any CPU.Build.0 = Debug|Any CPU
		{D1D9A637-4A8D-401F-9A5E-CA86861568A4}.Release|Any CPU.ActiveCfg = Release|Any CPU
		{D1D9A637-4A8D-401F-9A5E-CA86861568A4}.Release|Any CPU.Build.0 = Release|Any CPU
	EndGlobalSection
	GlobalSection(SolutionProperties) = preSolution
		HideSolutionNode = FALSE
	EndGlobalSection
EndGlobal
